// !$*UTF8*$!
{
	archiveVersion = 1;
	classes = {
	};
	objectVersion = 46;
	objects = {

/* Begin PBXBuildFile section */
		B379BEA61B77833C001BAC8D /* AppDelegate.swift in Sources */ = {isa = PBXBuildFile; fileRef = B379BEA51B77833C001BAC8D /* AppDelegate.swift */; };
		B379BEA81B77833C001BAC8D /* ViewController.swift in Sources */ = {isa = PBXBuildFile; fileRef = B379BEA71B77833C001BAC8D /* ViewController.swift */; };
		B379BEAB1B77833C001BAC8D /* Main.storyboard in Resources */ = {isa = PBXBuildFile; fileRef = B379BEA91B77833C001BAC8D /* Main.storyboard */; };
		B379BEAD1B77833C001BAC8D /* Images.xcassets in Resources */ = {isa = PBXBuildFile; fileRef = B379BEAC1B77833C001BAC8D /* Images.xcassets */; };
		B379BEB01B77833C001BAC8D /* LaunchScreen.xib in Resources */ = {isa = PBXBuildFile; fileRef = B379BEAE1B77833C001BAC8D /* LaunchScreen.xib */; };
		B379BEBC1B77833C001BAC8D /* RealmSampleTests.swift in Sources */ = {isa = PBXBuildFile; fileRef = B379BEBB1B77833C001BAC8D /* RealmSampleTests.swift */; };
		B379BEC61B7786D5001BAC8D /* Note.swift in Sources */ = {isa = PBXBuildFile; fileRef = B379BEC51B7786D5001BAC8D /* Note.swift */; };
		D0CA8701E7BE98BA94B8E8C8 /* Pods.framework in Frameworks */ = {isa = PBXBuildFile; fileRef = 94FB3813FCABDEFFBA9904D2 /* Pods.framework */; settings = {ATTRIBUTES = (Weak, ); }; };
/* End PBXBuildFile section */

/* Begin PBXContainerItemProxy section */
		B379BEB61B77833C001BAC8D /* PBXContainerItemProxy */ = {
			isa = PBXContainerItemProxy;
			containerPortal = B379BE981B77833B001BAC8D /* Project object */;
			proxyType = 1;
			remoteGlobalIDString = B379BE9F1B77833B001BAC8D;
			remoteInfo = RealmSample;
		};
/* End PBXContainerItemProxy section */

/* Begin PBXFileReference section */
		0CB1296C7AFE96D47C1B9825 /* Pods.debug.xcconfig */ = {isa = PBXFileReference; includeInIndex = 1; lastKnownFileType = text.xcconfig; name = Pods.debug.xcconfig; path = "Pods/Target Support Files/Pods/Pods.debug.xcconfig"; sourceTree = "<group>"; };
		281B2D6A01B81F3A892E20FE /* Pods.release.xcconfig */ = {isa = PBXFileReference; includeInIndex = 1; lastKnownFileType = text.xcconfig; name = Pods.release.xcconfig; path = "Pods/Target Support Files/Pods/Pods.release.xcconfig"; sourceTree = "<group>"; };
		94FB3813FCABDEFFBA9904D2 /* Pods.framework */ = {isa = PBXFileReference; explicitFileType = wrapper.framework; includeInIndex = 0; path = Pods.framework; sourceTree = BUILT_PRODUCTS_DIR; };
		B379BEA01B77833B001BAC8D /* RealmSample.app */ = {isa = PBXFileReference; explicitFileType = wrapper.application; includeInIndex = 0; path = RealmSample.app; sourceTree = BUILT_PRODUCTS_DIR; };
		B379BEA41B77833C001BAC8D /* Info.plist */ = {isa = PBXFileReference; lastKnownFileType = text.plist.xml; path = Info.plist; sourceTree = "<group>"; };
		B379BEA51B77833C001BAC8D /* AppDelegate.swift */ = {isa = PBXFileReference; lastKnownFileType = sourcecode.swift; path = AppDelegate.swift; sourceTree = "<group>"; };
		B379BEA71B77833C001BAC8D /* ViewController.swift */ = {isa = PBXFileReference; lastKnownFileType = sourcecode.swift; path = ViewController.swift; sourceTree = "<group>"; };
		B379BEAA1B77833C001BAC8D /* Base */ = {isa = PBXFileReference; lastKnownFileType = file.storyboard; name = Base; path = Base.lproj/Main.storyboard; sourceTree = "<group>"; };
		B379BEAC1B77833C001BAC8D /* Images.xcassets */ = {isa = PBXFileReference; lastKnownFileType = folder.assetcatalog; path = Images.xcassets; sourceTree = "<group>"; };
		B379BEAF1B77833C001BAC8D /* Base */ = {isa = PBXFileReference; lastKnownFileType = file.xib; name = Base; path = Base.lproj/LaunchScreen.xib; sourceTree = "<group>"; };
		B379BEB51B77833C001BAC8D /* RealmSampleTests.xctest */ = {isa = PBXFileReference; explicitFileType = wrapper.cfbundle; includeInIndex = 0; path = RealmSampleTests.xctest; sourceTree = BUILT_PRODUCTS_DIR; };
		B379BEBA1B77833C001BAC8D /* Info.plist */ = {isa = PBXFileReference; lastKnownFileType = text.plist.xml; path = Info.plist; sourceTree = "<group>"; };
		B379BEBB1B77833C001BAC8D /* RealmSampleTests.swift */ = {isa = PBXFileReference; lastKnownFileType = sourcecode.swift; path = RealmSampleTests.swift; sourceTree = "<group>"; };
		B379BEC51B7786D5001BAC8D /* Note.swift */ = {isa = PBXFileReference; fileEncoding = 4; lastKnownFileType = sourcecode.swift; path = Note.swift; sourceTree = "<group>"; };
/* End PBXFileReference section */

/* Begin PBXFrameworksBuildPhase section */
		B379BE9D1B77833B001BAC8D /* Frameworks */ = {
			isa = PBXFrameworksBuildPhase;
			buildActionMask = 2147483647;
			files = (
				D0CA8701E7BE98BA94B8E8C8 /* Pods.framework in Frameworks */,
			);
			runOnlyForDeploymentPostprocessing = 0;
		};
		B379BEB21B77833C001BAC8D /* Frameworks */ = {
			isa = PBXFrameworksBuildPhase;
			buildActionMask = 2147483647;
			files = (
			);
			runOnlyForDeploymentPostprocessing = 0;
		};
/* End PBXFrameworksBuildPhase section */

/* Begin PBXGroup section */
		A09BC66265933ADBCC7D8AD7 /* Pods */ = {
			isa = PBXGroup;
			children = (
				0CB1296C7AFE96D47C1B9825 /* Pods.debug.xcconfig */,
				281B2D6A01B81F3A892E20FE /* Pods.release.xcconfig */,
			);
			name = Pods;
			sourceTree = "<group>";
		};
		B379BE971B77833B001BAC8D = {
			isa = PBXGroup;
			children = (
				B379BEA21B77833B001BAC8D /* RealmSample */,
				B379BEB81B77833C001BAC8D /* RealmSampleTests */,
				B379BEA11B77833B001BAC8D /* Products */,
				A09BC66265933ADBCC7D8AD7 /* Pods */,
				EAA9CE7F762C1A77F7E4FC9F /* Frameworks */,
			);
			sourceTree = "<group>";
		};
		B379BEA11B77833B001BAC8D /* Products */ = {
			isa = PBXGroup;
			children = (
				B379BEA01B77833B001BAC8D /* RealmSample.app */,
				B379BEB51B77833C001BAC8D /* RealmSampleTests.xctest */,
			);
			name = Products;
			sourceTree = "<group>";
		};
		B379BEA21B77833B001BAC8D /* RealmSample */ = {
			isa = PBXGroup;
			children = (
				B379BEA51B77833C001BAC8D /* AppDelegate.swift */,
				B379BEA71B77833C001BAC8D /* ViewController.swift */,
				B379BEA91B77833C001BAC8D /* Main.storyboard */,
				B379BEAC1B77833C001BAC8D /* Images.xcassets */,
				B379BEAE1B77833C001BAC8D /* LaunchScreen.xib */,
				B379BEA31B77833B001BAC8D /* Supporting Files */,
				B379BEC51B7786D5001BAC8D /* Note.swift */,
			);
			path = RealmSample;
			sourceTree = "<group>";
		};
		B379BEA31B77833B001BAC8D /* Supporting Files */ = {
			isa = PBXGroup;
			children = (
				B379BEA41B77833C001BAC8D /* Info.plist */,
			);
			name = "Supporting Files";
			sourceTree = "<group>";
		};
		B379BEB81B77833C001BAC8D /* RealmSampleTests */ = {
			isa = PBXGroup;
			children = (
				B379BEBB1B77833C001BAC8D /* RealmSampleTests.swift */,
				B379BEB91B77833C001BAC8D /* Supporting Files */,
			);
			path = RealmSampleTests;
			sourceTree = "<group>";
		};
		B379BEB91B77833C001BAC8D /* Supporting Files */ = {
			isa = PBXGroup;
			children = (
				B379BEBA1B77833C001BAC8D /* Info.plist */,
			);
			name = "Supporting Files";
			sourceTree = "<group>";
		};
		EAA9CE7F762C1A77F7E4FC9F /* Frameworks */ = {
			isa = PBXGroup;
			children = (
				94FB3813FCABDEFFBA9904D2 /* Pods.framework */,
			);
			name = Frameworks;
			sourceTree = "<group>";
		};
/* End PBXGroup section */

/* Begin PBXNativeTarget section */
		B379BE9F1B77833B001BAC8D /* RealmSample */ = {
			isa = PBXNativeTarget;
			buildConfigurationList = B379BEBF1B77833C001BAC8D /* Build configuration list for PBXNativeTarget "RealmSample" */;
			buildPhases = (
				D693F1A0DD59318E664C30BF /* Check Pods Manifest.lock */,
				B379BE9C1B77833B001BAC8D /* Sources */,
				B379BE9D1B77833B001BAC8D /* Frameworks */,
				B379BE9E1B77833B001BAC8D /* Resources */,
				EFDECBAFF2A8A19A3156492A /* Embed Pods Frameworks */,
				8F62F8D5E7FA87668A2972B1 /* Copy Pods Resources */,
			);
			buildRules = (
			);
			dependencies = (
			);
			name = RealmSample;
			productName = RealmSample;
			productReference = B379BEA01B77833B001BAC8D /* RealmSample.app */;
			productType = "com.apple.product-type.application";
		};
		B379BEB41B77833C001BAC8D /* RealmSampleTests */ = {
			isa = PBXNativeTarget;
			buildConfigurationList = B379BEC21B77833C001BAC8D /* Build configuration list for PBXNativeTarget "RealmSampleTests" */;
			buildPhases = (
				B379BEB11B77833C001BAC8D /* Sources */,
				B379BEB21B77833C001BAC8D /* Frameworks */,
				B379BEB31B77833C001BAC8D /* Resources */,
			);
			buildRules = (
			);
			dependencies = (
				B379BEB71B77833C001BAC8D /* PBXTargetDependency */,
			);
			name = RealmSampleTests;
			productName = RealmSampleTests;
			productReference = B379BEB51B77833C001BAC8D /* RealmSampleTests.xctest */;
			productType = "com.apple.product-type.bundle.unit-test";
		};
/* End PBXNativeTarget section */

/* Begin PBXProject section */
		B379BE981B77833B001BAC8D /* Project object */ = {
			isa = PBXProject;
			attributes = {
				LastUpgradeCheck = 0640;
				ORGANIZATIONNAME = "shinobu okano";
				TargetAttributes = {
					B379BE9F1B77833B001BAC8D = {
						CreatedOnToolsVersion = 6.4;
					};
					B379BEB41B77833C001BAC8D = {
						CreatedOnToolsVersion = 6.4;
						TestTargetID = B379BE9F1B77833B001BAC8D;
					};
				};
			};
			buildConfigurationList = B379BE9B1B77833B001BAC8D /* Build configuration list for PBXProject "RealmSample" */;
			compatibilityVersion = "Xcode 3.2";
			developmentRegion = English;
			hasScannedForEncodings = 0;
			knownRegions = (
				en,
				Base,
			);
			mainGroup = B379BE971B77833B001BAC8D;
			productRefGroup = B379BEA11B77833B001BAC8D /* Products */;
			projectDirPath = "";
			projectRoot = "";
			targets = (
				B379BE9F1B77833B001BAC8D /* RealmSample */,
				B379BEB41B77833C001BAC8D /* RealmSampleTests */,
			);
		};
/* End PBXProject section */

/* Begin PBXResourcesBuildPhase section */
		B379BE9E1B77833B001BAC8D /* Resources */ = {
			isa = PBXResourcesBuildPhase;
			buildActionMask = 2147483647;
			files = (
				B379BEAB1B77833C001BAC8D /* Main.storyboard in Resources */,
				B379BEB01B77833C001BAC8D /* LaunchScreen.xib in Resources */,
				B379BEAD1B77833C001BAC8D /* Images.xcassets in Resources */,
			);
			runOnlyForDeploymentPostprocessing = 0;
		};
		B379BEB31B77833C001BAC8D /* Resources */ = {
			isa = PBXResourcesBuildPhase;
			buildActionMask = 2147483647;
			files = (
			);
			runOnlyForDeploymentPostprocessing = 0;
		};
/* End PBXResourcesBuildPhase section */

/* Begin PBXShellScriptBuildPhase section */
		8F62F8D5E7FA87668A2972B1 /* Copy Pods Resources */ = {
			isa = PBXShellScriptBuildPhase;
			buildActionMask = 2147483647;
			files = (
			);
			inputPaths = (
			);
			name = "Copy Pods Resources";
			outputPaths = (
			);
			runOnlyForDeploymentPostprocessing = 0;
			shellPath = /bin/sh;
			shellScript = "\"${SRCROOT}/Pods/Target Support Files/Pods/Pods-resources.sh\"\n";
			showEnvVarsInLog = 0;
		};
		D693F1A0DD59318E664C30BF /* Check Pods Manifest.lock */ = {
			isa = PBXShellScriptBuildPhase;
			buildActionMask = 2147483647;
			files = (
			);
			inputPaths = (
			);
			name = "Check Pods Manifest.lock";
			outputPaths = (
			);
			runOnlyForDeploymentPostprocessing = 0;
			shellPath = /bin/sh;
			shellScript = "diff \"${PODS_ROOT}/../Podfile.lock\" \"${PODS_ROOT}/Manifest.lock\" > /dev/null\nif [[ $? != 0 ]] ; then\n    cat << EOM\nerror: The sandbox is not in sync with the Podfile.lock. Run 'pod install' or update your CocoaPods installation.\nEOM\n    exit 1\nfi\n";
			showEnvVarsInLog = 0;
		};
		EFDECBAFF2A8A19A3156492A /* Embed Pods Frameworks */ = {
			isa = PBXShellScriptBuildPhase;
			buildActionMask = 2147483647;
			files = (
			);
			inputPaths = (
			);
			name = "Embed Pods Frameworks";
			outputPaths = (
			);
			runOnlyForDeploymentPostprocessing = 0;
			shellPath = /bin/sh;
			shellScript = "\"${SRCROOT}/Pods/Target Support Files/Pods/Pods-frameworks.sh\"\n";
			showEnvVarsInLog = 0;
		};
/* End PBXShellScriptBuildPhase section */

/* Begin PBXSourcesBuildPhase section */
		B379BE9C1B77833B001BAC8D /* Sources */ = {
			isa = PBXSourcesBuildPhase;
			buildActionMask = 2147483647;
			files = (
				B379BEA81B77833C001BAC8D /* ViewController.swift in Sources */,
				B379BEA61B77833C001BAC8D /* AppDelegate.swift in Sources */,
				B379BEC61B7786D5001BAC8D /* Note.swift in Sources */,
			);
			runOnlyForDeploymentPostprocessing = 0;
		};
		B379BEB11B77833C001BAC8D /* Sources */ = {
			isa = PBXSourcesBuildPhase;
			buildActionMask = 2147483647;
			files = (
				B379BEBC1B77833C001BAC8D /* RealmSampleTests.swift in Sources */,
			);
			runOnlyForDeploymentPostprocessing = 0;
		};
/* End PBXSourcesBuildPhase section */

/* Begin PBXTargetDependency section */
		B379BEB71B77833C001BAC8D /* PBXTargetDependency */ = {
			isa = PBXTargetDependency;
			target = B379BE9F1B77833B001BAC8D /* RealmSample */;
			targetProxy = B379BEB61B77833C001BAC8D /* PBXContainerItemProxy */;
		};
/* End PBXTargetDependency section */

/* Begin PBXVariantGroup section */
		B379BEA91B77833C001BAC8D /* Main.storyboard */ = {
			isa = PBXVariantGroup;
			children = (
				B379BEAA1B77833C001BAC8D /* Base */,
			);
			name = Main.storyboard;
			sourceTree = "<group>";
		};
		B379BEAE1B77833C001BAC8D /* LaunchScreen.xib */ = {
			isa = PBXVariantGroup;
			children = (
				B379BEAF1B77833C001BAC8D /* Base */,
			);
			name = LaunchScreen.xib;
			sourceTree = "<group>";
		};
/* End PBXVariantGroup section */

/* Begin XCBuildConfiguration section */
		B379BEBD1B77833C001BAC8D /* Debug */ = {
			isa = XCBuildConfiguration;
			buildSettings = {
				ALWAYS_SEARCH_USER_PATHS = NO;
				CLANG_CXX_LANGUAGE_STANDARD = "gnu++0x";
				CLANG_CXX_LIBRARY = "libc++";
				CLANG_ENABLE_MODULES = YES;
				CLANG_ENABLE_OBJC_ARC = YES;
				CLANG_WARN_BOOL_CONVERSION = YES;
				CLANG_WARN_CONSTANT_CONVERSION = YES;
				CLANG_WARN_DIRECT_OBJC_ISA_USAGE = YES_ERROR;
				CLANG_WARN_EMPTY_BODY = YES;
				CLANG_WARN_ENUM_CONVERSION = YES;
				CLANG_WARN_INT_CONVERSION = YES;
				CLANG_WARN_OBJC_ROOT_CLASS = YES_ERROR;
				CLANG_WARN_UNREACHABLE_CODE = YES;
				CLANG_WARN__DUPLICATE_METHOD_MATCH = YES;
				"CODE_SIGN_IDENTITY[sdk=iphoneos*]" = "iPhone Developer";
				COPY_PHASE_STRIP = NO;
				DEBUG_INFORMATION_FORMAT = "dwarf-with-dsym";
				ENABLE_STRICT_OBJC_MSGSEND = YES;
				GCC_C_LANGUAGE_STANDARD = gnu99;
				GCC_DYNAMIC_NO_PIC = NO;
				GCC_NO_COMMON_BLOCKS = YES;
				GCC_OPTIMIZATION_LEVEL = 0;
				GCC_PREPROCESSOR_DEFINITIONS = (
					"DEBUG=1",
					"$(inherited)",
				);
				GCC_SYMBOLS_PRIVATE_EXTERN = NO;
				GCC_WARN_64_TO_32_BIT_CONVERSION = YES;
				GCC_WARN_ABOUT_RETURN_TYPE = YES_ERROR;
				GCC_WARN_UNDECLARED_SELECTOR = YES;
				GCC_WARN_UNINITIALIZED_AUTOS = YES_AGGRESSIVE;
				GCC_WARN_UNUSED_FUNCTION = YES;
				GCC_WARN_UNUSED_VARIABLE = YES;
				IPHONEOS_DEPLOYMENT_TARGET = 8.4;
				MTL_ENABLE_DEBUG_INFO = YES;
				ONLY_ACTIVE_ARCH = YES;
				SDKROOT = iphoneos;
				SWIFT_OPTIMIZATION_LEVEL = "-Onone";
			};
			name = Debug;
		};
		B379BEBE1B77833C001BAC8D /* Release */ = {
			isa = XCBuildConfiguration;
			buildSettings = {
				ALWAYS_SEARCH_USER_PATHS = NO;
				CLANG_CXX_LANGUAGE_STANDARD = "gnu++0x";
				CLANG_CXX_LIBRARY = "libc++";
				CLANG_ENABLE_MODULES = YES;
				CLANG_ENABLE_OBJC_ARC = YES;
				CLANG_WARN_BOOL_CONVERSION = YES;
				CLANG_WARN_CONSTANT_CONVERSION = YES;
				CLANG_WARN_DIRECT_OBJC_ISA_USAGE = YES_ERROR;
				CLANG_WARN_EMPTY_BODY = YES;
				CLANG_WARN_ENUM_CONVERSION = YES;
				CLANG_WARN_INT_CONVERSION = YES;
				CLANG_WARN_OBJC_ROOT_CLASS = YES_ERROR;
				CLANG_WARN_UNREACHABLE_CODE = YES;
				CLANG_WARN__DUPLICATE_METHOD_MATCH = YES;
				"CODE_SIGN_IDENTITY[sdk=iphoneos*]" = "iPhone Developer";
				COPY_PHASE_STRIP = NO;
				DEBUG_INFORMATION_FORMAT = "dwarf-with-dsym";
				ENABLE_NS_ASSERTIONS = NO;
				ENABLE_STRICT_OBJC_MSGSEND = YES;
				GCC_C_LANGUAGE_STANDARD = gnu99;
				GCC_NO_COMMON_BLOCKS = YES;
				GCC_WARN_64_TO_32_BIT_CONVERSION = YES;
				GCC_WARN_ABOUT_RETURN_TYPE = YES_ERROR;
				GCC_WARN_UNDECLARED_SELECTOR = YES;
				GCC_WARN_UNINITIALIZED_AUTOS = YES_AGGRESSIVE;
				GCC_WARN_UNUSED_FUNCTION = YES;
				GCC_WARN_UNUSED_VARIABLE = YES;
				IPHONEOS_DEPLOYMENT_TARGET = 8.4;
				MTL_ENABLE_DEBUG_INFO = NO;
				SDKROOT = iphoneos;
				VALIDATE_PRODUCT = YES;
			};
			name = Release;
		};
		B379BEC01B77833C001BAC8D /* Debug */ = {
			isa = XCBuildConfiguration;
			baseConfigurationReference = 0CB1296C7AFE96D47C1B9825 /* Pods.debug.xcconfig */;
			buildSettings = {
				ASSETCATALOG_COMPILER_APPICON_NAME = AppIcon;
				INFOPLIST_FILE = RealmSample/Info.plist;
				LD_RUNPATH_SEARCH_PATHS = "$(inherited) @executable_path/Frameworks";
				PRODUCT_NAME = "$(TARGET_NAME)";
			};
			name = Debug;
		};
		B379BEC11B77833C001BAC8D /* Release */ = {
			isa = XCBuildConfiguration;
			baseConfigurationReference = 281B2D6A01B81F3A892E20FE /* Pods.release.xcconfig */;
			buildSettings = {
				ASSETCATALOG_COMPILER_APPICON_NAME = AppIcon;
				INFOPLIST_FILE = RealmSample/Info.plist;
				LD_RUNPATH_SEARCH_PATHS = "$(inherited) @executable_path/Frameworks";
				PRODUCT_NAME = "$(TARGET_NAME)";
			};
			name = Release;
		};
		B379BEC31B77833C001BAC8D /* Debug */ = {
			isa = XCBuildConfiguration;
			buildSettings = {
				BUNDLE_LOADER = "$(TEST_HOST)";
				FRAMEWORK_SEARCH_PATHS = (
					"$(SDKROOT)/Developer/Library/Frameworks",
					"$(inherited)",
				);
				GCC_PREPROCESSOR_DEFINITIONS = (
					"DEBUG=1",
					"$(inherited)",
				);
				INFOPLIST_FILE = RealmSampleTests/Info.plist;
				LD_RUNPATH_SEARCH_PATHS = "$(inherited) @executable_path/Frameworks @loader_path/Frameworks";
				PRODUCT_NAME = "$(TARGET_NAME)";
				TEST_HOST = "$(BUILT_PRODUCTS_DIR)/RealmSample.app/RealmSample";
			};
			name = Debug;
		};
		B379BEC41B77833C001BAC8D /* Release */ = {
			isa = XCBuildConfiguration;
			buildSettings = {
				BUNDLE_LOADER = "$(TEST_HOST)";
				FRAMEWORK_SEARCH_PATHS = (
					"$(SDKROOT)/Developer/Library/Frameworks",
					"$(inherited)",
				);
				INFOPLIST_FILE = RealmSampleTests/Info.plist;
				LD_RUNPATH_SEARCH_PATHS = "$(inherited) @executable_path/Frameworks @loader_path/Frameworks";
				PRODUCT_NAME = "$(TARGET_NAME)";
				TEST_HOST = "$(BUILT_PRODUCTS_DIR)/RealmSample.app/RealmSample";
			};
			name = Release;
		};
/* End XCBuildConfiguration section */

/* Begin XCConfigurationList section */
		B379BE9B1B77833B001BAC8D /* Build configuration list for PBXProject "RealmSample" */ = {
			isa = XCConfigurationList;
			buildConfigurations = (
				B379BEBD1B77833C001BAC8D /* Debug */,
				B379BEBE1B77833C001BAC8D /* Release */,
			);
			defaultConfigurationIsVisible = 0;
			defaultConfigurationName = Release;
		};
		B379BEBF1B77833C001BAC8D /* Build configuration list for PBXNativeTarget "RealmSample" */ = {
			isa = XCConfigurationList;
			buildConfigurations = (
				B379BEC01B77833C001BAC8D /* Debug */,
				B379BEC11B77833C001BAC8D /* Release */,
			);
			defaultConfigurationIsVisible = 0;
			defaultConfigurationName = Release;
		};
		B379BEC21B77833C001BAC8D /* Build configuration list for PBXNativeTarget "RealmSampleTests" */ = {
			isa = XCConfigurationList;
			buildConfigurations = (
				B379BEC31B77833C001BAC8D /* Debug */,
				B379BEC41B77833C001BAC8D /* Release */,
			);
			defaultConfigurationIsVisible = 0;
			defaultConfigurationName = Release;
		};
/* End XCConfigurationList section */
	};
	rootObject = B379BE981B77833B001BAC8D /* Project object */;
}
